// !$*UTF8*$!
{
	archiveVersion = 1;
	classes = {
	};
	objectVersion = 46;
	objects = {

/* Begin PBXBuildFile section */
		1A5C857D1CB7FBF500271CD2 /* main.m in Sources */ = {isa = PBXBuildFile; fileRef = 1A5C857C1CB7FBF500271CD2 /* main.m */; };
		1A5C85801CB7FBF500271CD2 /* AppDelegate.m in Sources */ = {isa = PBXBuildFile; fileRef = 1A5C857F1CB7FBF500271CD2 /* AppDelegate.m */; };
		1A5C85831CB7FBF500271CD2 /* ViewController.m in Sources */ = {isa = PBXBuildFile; fileRef = 1A5C85821CB7FBF500271CD2 /* ViewController.m */; };
		1A5C85861CB7FBF500271CD2 /* Main.storyboard in Resources */ = {isa = PBXBuildFile; fileRef = 1A5C85841CB7FBF500271CD2 /* Main.storyboard */; };
		1A5C85881CB7FBF500271CD2 /* Assets.xcassets in Resources */ = {isa = PBXBuildFile; fileRef = 1A5C85871CB7FBF500271CD2 /* Assets.xcassets */; };
		1A5C858B1CB7FBF500271CD2 /* LaunchScreen.storyboard in Resources */ = {isa = PBXBuildFile; fileRef = 1A5C85891CB7FBF500271CD2 /* LaunchScreen.storyboard */; };
		1A5C85961CB7FBF500271CD2 /* DarwinMonitorTests.m in Sources */ = {isa = PBXBuildFile; fileRef = 1A5C85951CB7FBF500271CD2 /* DarwinMonitorTests.m */; };
		1A5C85A11CB7FBF500271CD2 /* DarwinMonitorUITests.m in Sources */ = {isa = PBXBuildFile; fileRef = 1A5C85A01CB7FBF500271CD2 /* DarwinMonitorUITests.m */; };
		1A5C85B11CB7FFF400271CD2 /* DarwinMonitor.m in Sources */ = {isa = PBXBuildFile; fileRef = 1A5C85B01CB7FFF400271CD2 /* DarwinMonitor.m */; };
		1A6116D91CB967F1005C0464 /* DMBatteryMonitor.m in Sources */ = {isa = PBXBuildFile; fileRef = 1A6116CA1CB967F1005C0464 /* DMBatteryMonitor.m */; };
		1A6116DA1CB967F1005C0464 /* DMCPUMonitor.m in Sources */ = {isa = PBXBuildFile; fileRef = 1A6116CC1CB967F1005C0464 /* DMCPUMonitor.m */; };
		1A6116DB1CB967F1005C0464 /* DMFPSMonitor.m in Sources */ = {isa = PBXBuildFile; fileRef = 1A6116CE1CB967F1005C0464 /* DMFPSMonitor.m */; };
		1A6116DF1CB967F1005C0464 /* DMNetworkMonitor.m in Sources */ = {isa = PBXBuildFile; fileRef = 1A6116D61CB967F1005C0464 /* DMNetworkMonitor.m */; };
		1A6116E01CB967F1005C0464 /* DMRAMMonitor.m in Sources */ = {isa = PBXBuildFile; fileRef = 1A6116D81CB967F1005C0464 /* DMRAMMonitor.m */; };
		1A6116E31CBB47AD005C0464 /* DMDumper.m in Sources */ = {isa = PBXBuildFile; fileRef = 1A6116E21CBB47AD005C0464 /* DMDumper.m */; };
		1A6116E61CBB823E005C0464 /* DMRunloopMonitor.m in Sources */ = {isa = PBXBuildFile; fileRef = 1A6116E51CBB823E005C0464 /* DMRunloopMonitor.m */; };
/* End PBXBuildFile section */

/* Begin PBXContainerItemProxy section */
		1A5C85921CB7FBF500271CD2 /* PBXContainerItemProxy */ = {
			isa = PBXContainerItemProxy;
			containerPortal = 1A5C85701CB7FBF500271CD2 /* Project object */;
			proxyType = 1;
			remoteGlobalIDString = 1A5C85771CB7FBF500271CD2;
			remoteInfo = DarwinMonitor;
		};
		1A5C859D1CB7FBF500271CD2 /* PBXContainerItemProxy */ = {
			isa = PBXContainerItemProxy;
			containerPortal = 1A5C85701CB7FBF500271CD2 /* Project object */;
			proxyType = 1;
			remoteGlobalIDString = 1A5C85771CB7FBF500271CD2;
			remoteInfo = DarwinMonitor;
		};
/* End PBXContainerItemProxy section */

/* Begin PBXFileReference section */
		1A5C85781CB7FBF500271CD2 /* DarwinMonitor.app */ = {isa = PBXFileReference; explicitFileType = wrapper.application; includeInIndex = 0; path = DarwinMonitor.app; sourceTree = BUILT_PRODUCTS_DIR; };
		1A5C857C1CB7FBF500271CD2 /* main.m */ = {isa = PBXFileReference; lastKnownFileType = sourcecode.c.objc; path = main.m; sourceTree = "<group>"; };
		1A5C857E1CB7FBF500271CD2 /* AppDelegate.h */ = {isa = PBXFileReference; lastKnownFileType = sourcecode.c.h; path = AppDelegate.h; sourceTree = "<group>"; };
		1A5C857F1CB7FBF500271CD2 /* AppDelegate.m */ = {isa = PBXFileReference; lastKnownFileType = sourcecode.c.objc; path = AppDelegate.m; sourceTree = "<group>"; };
		1A5C85811CB7FBF500271CD2 /* ViewController.h */ = {isa = PBXFileReference; lastKnownFileType = sourcecode.c.h; path = ViewController.h; sourceTree = "<group>"; };
		1A5C85821CB7FBF500271CD2 /* ViewController.m */ = {isa = PBXFileReference; lastKnownFileType = sourcecode.c.objc; path = ViewController.m; sourceTree = "<group>"; };
		1A5C85851CB7FBF500271CD2 /* Base */ = {isa = PBXFileReference; lastKnownFileType = file.storyboard; name = Base; path = Base.lproj/Main.storyboard; sourceTree = "<group>"; };
		1A5C85871CB7FBF500271CD2 /* Assets.xcassets */ = {isa = PBXFileReference; lastKnownFileType = folder.assetcatalog; path = Assets.xcassets; sourceTree = "<group>"; };
		1A5C858A1CB7FBF500271CD2 /* Base */ = {isa = PBXFileReference; lastKnownFileType = file.storyboard; name = Base; path = Base.lproj/LaunchScreen.storyboard; sourceTree = "<group>"; };
		1A5C858C1CB7FBF500271CD2 /* Info.plist */ = {isa = PBXFileReference; lastKnownFileType = text.plist.xml; path = Info.plist; sourceTree = "<group>"; };
		1A5C85911CB7FBF500271CD2 /* DarwinMonitorTests.xctest */ = {isa = PBXFileReference; explicitFileType = wrapper.cfbundle; includeInIndex = 0; path = DarwinMonitorTests.xctest; sourceTree = BUILT_PRODUCTS_DIR; };
		1A5C85951CB7FBF500271CD2 /* DarwinMonitorTests.m */ = {isa = PBXFileReference; lastKnownFileType = sourcecode.c.objc; path = DarwinMonitorTests.m; sourceTree = "<group>"; };
		1A5C85971CB7FBF500271CD2 /* Info.plist */ = {isa = PBXFileReference; lastKnownFileType = text.plist.xml; path = Info.plist; sourceTree = "<group>"; };
		1A5C859C1CB7FBF500271CD2 /* DarwinMonitorUITests.xctest */ = {isa = PBXFileReference; explicitFileType = wrapper.cfbundle; includeInIndex = 0; path = DarwinMonitorUITests.xctest; sourceTree = BUILT_PRODUCTS_DIR; };
		1A5C85A01CB7FBF500271CD2 /* DarwinMonitorUITests.m */ = {isa = PBXFileReference; lastKnownFileType = sourcecode.c.objc; path = DarwinMonitorUITests.m; sourceTree = "<group>"; };
		1A5C85A21CB7FBF500271CD2 /* Info.plist */ = {isa = PBXFileReference; lastKnownFileType = text.plist.xml; path = Info.plist; sourceTree = "<group>"; };
		1A5C85AF1CB7FFF400271CD2 /* DarwinMonitor.h */ = {isa = PBXFileReference; fileEncoding = 4; lastKnownFileType = sourcecode.c.h; path = DarwinMonitor.h; sourceTree = "<group>"; };
		1A5C85B01CB7FFF400271CD2 /* DarwinMonitor.m */ = {isa = PBXFileReference; fileEncoding = 4; lastKnownFileType = sourcecode.c.objc; path = DarwinMonitor.m; sourceTree = "<group>"; };
		1A6116C91CB967F1005C0464 /* DMBatteryMonitor.h */ = {isa = PBXFileReference; fileEncoding = 4; lastKnownFileType = sourcecode.c.h; path = DMBatteryMonitor.h; sourceTree = "<group>"; };
		1A6116CA1CB967F1005C0464 /* DMBatteryMonitor.m */ = {isa = PBXFileReference; fileEncoding = 4; lastKnownFileType = sourcecode.c.objc; path = DMBatteryMonitor.m; sourceTree = "<group>"; };
		1A6116CB1CB967F1005C0464 /* DMCPUMonitor.h */ = {isa = PBXFileReference; fileEncoding = 4; lastKnownFileType = sourcecode.c.h; path = DMCPUMonitor.h; sourceTree = "<group>"; };
		1A6116CC1CB967F1005C0464 /* DMCPUMonitor.m */ = {isa = PBXFileReference; fileEncoding = 4; lastKnownFileType = sourcecode.c.objc; path = DMCPUMonitor.m; sourceTree = "<group>"; };
		1A6116CD1CB967F1005C0464 /* DMFPSMonitor.h */ = {isa = PBXFileReference; fileEncoding = 4; lastKnownFileType = sourcecode.c.h; path = DMFPSMonitor.h; sourceTree = "<group>"; };
		1A6116CE1CB967F1005C0464 /* DMFPSMonitor.m */ = {isa = PBXFileReference; fileEncoding = 4; lastKnownFileType = sourcecode.c.objc; path = DMFPSMonitor.m; sourceTree = "<group>"; };
		1A6116D51CB967F1005C0464 /* DMNetworkMonitor.h */ = {isa = PBXFileReference; fileEncoding = 4; lastKnownFileType = sourcecode.c.h; path = DMNetworkMonitor.h; sourceTree = "<group>"; };
		1A6116D61CB967F1005C0464 /* DMNetworkMonitor.m */ = {isa = PBXFileReference; fileEncoding = 4; lastKnownFileType = sourcecode.c.objc; path = DMNetworkMonitor.m; sourceTree = "<group>"; };
		1A6116D71CB967F1005C0464 /* DMRAMMonitor.h */ = {isa = PBXFileReference; fileEncoding = 4; lastKnownFileType = sourcecode.c.h; path = DMRAMMonitor.h; sourceTree = "<group>"; };
		1A6116D81CB967F1005C0464 /* DMRAMMonitor.m */ = {isa = PBXFileReference; fileEncoding = 4; lastKnownFileType = sourcecode.c.objc; path = DMRAMMonitor.m; sourceTree = "<group>"; };
		1A6116E11CBB47AD005C0464 /* DMDumper.h */ = {isa = PBXFileReference; fileEncoding = 4; lastKnownFileType = sourcecode.c.h; path = DMDumper.h; sourceTree = "<group>"; };
		1A6116E21CBB47AD005C0464 /* DMDumper.m */ = {isa = PBXFileReference; fileEncoding = 4; lastKnownFileType = sourcecode.c.objc; path = DMDumper.m; sourceTree = "<group>"; };
		1A6116E41CBB823E005C0464 /* DMRunloopMonitor.h */ = {isa = PBXFileReference; fileEncoding = 4; lastKnownFileType = sourcecode.c.h; path = DMRunloopMonitor.h; sourceTree = "<group>"; };
		1A6116E51CBB823E005C0464 /* DMRunloopMonitor.m */ = {isa = PBXFileReference; fileEncoding = 4; lastKnownFileType = sourcecode.c.objc; path = DMRunloopMonitor.m; sourceTree = "<group>"; };
/* End PBXFileReference section */

/* Begin PBXFrameworksBuildPhase section */
		1A5C85751CB7FBF500271CD2 /* Frameworks */ = {
			isa = PBXFrameworksBuildPhase;
			buildActionMask = 2147483647;
			files = (
			);
			runOnlyForDeploymentPostprocessing = 0;
		};
		1A5C858E1CB7FBF500271CD2 /* Frameworks */ = {
			isa = PBXFrameworksBuildPhase;
			buildActionMask = 2147483647;
			files = (
			);
			runOnlyForDeploymentPostprocessing = 0;
		};
		1A5C85991CB7FBF500271CD2 /* Frameworks */ = {
			isa = PBXFrameworksBuildPhase;
			buildActionMask = 2147483647;
			files = (
			);
			runOnlyForDeploymentPostprocessing = 0;
		};
/* End PBXFrameworksBuildPhase section */

/* Begin PBXGroup section */
		1A5C856F1CB7FBF500271CD2 = {
			isa = PBXGroup;
			children = (
				1A5C857A1CB7FBF500271CD2 /* DarwinMonitor */,
				1A5C85941CB7FBF500271CD2 /* DarwinMonitorTests */,
				1A5C859F1CB7FBF500271CD2 /* DarwinMonitorUITests */,
				1A5C85791CB7FBF500271CD2 /* Products */,
			);
			sourceTree = "<group>";
		};
		1A5C85791CB7FBF500271CD2 /* Products */ = {
			isa = PBXGroup;
			children = (
				1A5C85781CB7FBF500271CD2 /* DarwinMonitor.app */,
				1A5C85911CB7FBF500271CD2 /* DarwinMonitorTests.xctest */,
				1A5C859C1CB7FBF500271CD2 /* DarwinMonitorUITests.xctest */,
			);
			name = Products;
			sourceTree = "<group>";
		};
		1A5C857A1CB7FBF500271CD2 /* DarwinMonitor */ = {
			isa = PBXGroup;
			children = (
				1A5C85AE1CB7FFD500271CD2 /* DarwinMonitor */,
				1A5C857E1CB7FBF500271CD2 /* AppDelegate.h */,
				1A5C857F1CB7FBF500271CD2 /* AppDelegate.m */,
				1A5C85811CB7FBF500271CD2 /* ViewController.h */,
				1A5C85821CB7FBF500271CD2 /* ViewController.m */,
				1A5C85841CB7FBF500271CD2 /* Main.storyboard */,
				1A5C85871CB7FBF500271CD2 /* Assets.xcassets */,
				1A5C85891CB7FBF500271CD2 /* LaunchScreen.storyboard */,
				1A5C858C1CB7FBF500271CD2 /* Info.plist */,
				1A5C857B1CB7FBF500271CD2 /* Supporting Files */,
			);
			path = DarwinMonitor;
			sourceTree = "<group>";
		};
		1A5C857B1CB7FBF500271CD2 /* Supporting Files */ = {
			isa = PBXGroup;
			children = (
				1A5C857C1CB7FBF500271CD2 /* main.m */,
			);
			name = "Supporting Files";
			sourceTree = "<group>";
		};
		1A5C85941CB7FBF500271CD2 /* DarwinMonitorTests */ = {
			isa = PBXGroup;
			children = (
				1A5C85951CB7FBF500271CD2 /* DarwinMonitorTests.m */,
				1A5C85971CB7FBF500271CD2 /* Info.plist */,
			);
			path = DarwinMonitorTests;
			sourceTree = "<group>";
		};
		1A5C859F1CB7FBF500271CD2 /* DarwinMonitorUITests */ = {
			isa = PBXGroup;
			children = (
				1A5C85A01CB7FBF500271CD2 /* DarwinMonitorUITests.m */,
				1A5C85A21CB7FBF500271CD2 /* Info.plist */,
			);
			path = DarwinMonitorUITests;
			sourceTree = "<group>";
		};
		1A5C85AE1CB7FFD500271CD2 /* DarwinMonitor */ = {
			isa = PBXGroup;
			children = (
				1A6116C91CB967F1005C0464 /* DMBatteryMonitor.h */,
				1A6116CA1CB967F1005C0464 /* DMBatteryMonitor.m */,
				1A6116CB1CB967F1005C0464 /* DMCPUMonitor.h */,
				1A6116CC1CB967F1005C0464 /* DMCPUMonitor.m */,
				1A6116CD1CB967F1005C0464 /* DMFPSMonitor.h */,
				1A6116CE1CB967F1005C0464 /* DMFPSMonitor.m */,
				1A6116D51CB967F1005C0464 /* DMNetworkMonitor.h */,
				1A6116D61CB967F1005C0464 /* DMNetworkMonitor.m */,
				1A6116D71CB967F1005C0464 /* DMRAMMonitor.h */,
				1A6116D81CB967F1005C0464 /* DMRAMMonitor.m */,
				1A5C85AF1CB7FFF400271CD2 /* DarwinMonitor.h */,
				1A5C85B01CB7FFF400271CD2 /* DarwinMonitor.m */,
				1A6116E11CBB47AD005C0464 /* DMDumper.h */,
				1A6116E21CBB47AD005C0464 /* DMDumper.m */,
				1A6116E41CBB823E005C0464 /* DMRunloopMonitor.h */,
				1A6116E51CBB823E005C0464 /* DMRunloopMonitor.m */,
			);
			path = DarwinMonitor;
			sourceTree = "<group>";
		};
/* End PBXGroup section */

/* Begin PBXNativeTarget section */
		1A5C85771CB7FBF500271CD2 /* DarwinMonitor */ = {
			isa = PBXNativeTarget;
			buildConfigurationList = 1A5C85A51CB7FBF500271CD2 /* Build configuration list for PBXNativeTarget "DarwinMonitor" */;
			buildPhases = (
				1A5C85741CB7FBF500271CD2 /* Sources */,
				1A5C85751CB7FBF500271CD2 /* Frameworks */,
				1A5C85761CB7FBF500271CD2 /* Resources */,
			);
			buildRules = (
			);
			dependencies = (
			);
			name = DarwinMonitor;
			productName = DarwinMonitor;
			productReference = 1A5C85781CB7FBF500271CD2 /* DarwinMonitor.app */;
			productType = "com.apple.product-type.application";
		};
		1A5C85901CB7FBF500271CD2 /* DarwinMonitorTests */ = {
			isa = PBXNativeTarget;
			buildConfigurationList = 1A5C85A81CB7FBF500271CD2 /* Build configuration list for PBXNativeTarget "DarwinMonitorTests" */;
			buildPhases = (
				1A5C858D1CB7FBF500271CD2 /* Sources */,
				1A5C858E1CB7FBF500271CD2 /* Frameworks */,
				1A5C858F1CB7FBF500271CD2 /* Resources */,
			);
			buildRules = (
			);
			dependencies = (
				1A5C85931CB7FBF500271CD2 /* PBXTargetDependency */,
			);
			name = DarwinMonitorTests;
			productName = DarwinMonitorTests;
			productReference = 1A5C85911CB7FBF500271CD2 /* DarwinMonitorTests.xctest */;
			productType = "com.apple.product-type.bundle.unit-test";
		};
		1A5C859B1CB7FBF500271CD2 /* DarwinMonitorUITests */ = {
			isa = PBXNativeTarget;
			buildConfigurationList = 1A5C85AB1CB7FBF500271CD2 /* Build configuration list for PBXNativeTarget "DarwinMonitorUITests" */;
			buildPhases = (
				1A5C85981CB7FBF500271CD2 /* Sources */,
				1A5C85991CB7FBF500271CD2 /* Frameworks */,
				1A5C859A1CB7FBF500271CD2 /* Resources */,
			);
			buildRules = (
			);
			dependencies = (
				1A5C859E1CB7FBF500271CD2 /* PBXTargetDependency */,
			);
			name = DarwinMonitorUITests;
			productName = DarwinMonitorUITests;
			productReference = 1A5C859C1CB7FBF500271CD2 /* DarwinMonitorUITests.xctest */;
			productType = "com.apple.product-type.bundle.ui-testing";
		};
/* End PBXNativeTarget section */

/* Begin PBXProject section */
		1A5C85701CB7FBF500271CD2 /* Project object */ = {
			isa = PBXProject;
			attributes = {
				LastUpgradeCheck = 0710;
				ORGANIZATIONNAME = oenius;
				TargetAttributes = {
					1A5C85771CB7FBF500271CD2 = {
						CreatedOnToolsVersion = 7.1;
					};
					1A5C85901CB7FBF500271CD2 = {
						CreatedOnToolsVersion = 7.1;
						TestTargetID = 1A5C85771CB7FBF500271CD2;
					};
					1A5C859B1CB7FBF500271CD2 = {
						CreatedOnToolsVersion = 7.1;
						TestTargetID = 1A5C85771CB7FBF500271CD2;
					};
				};
			};
			buildConfigurationList = 1A5C85731CB7FBF500271CD2 /* Build configuration list for PBXProject "DarwinMonitor" */;
			compatibilityVersion = "Xcode 3.2";
			developmentRegion = English;
			hasScannedForEncodings = 0;
			knownRegions = (
				en,
				Base,
			);
			mainGroup = 1A5C856F1CB7FBF500271CD2;
			productRefGroup = 1A5C85791CB7FBF500271CD2 /* Products */;
			projectDirPath = "";
			projectRoot = "";
			targets = (
				1A5C85771CB7FBF500271CD2 /* DarwinMonitor */,
				1A5C85901CB7FBF500271CD2 /* DarwinMonitorTests */,
				1A5C859B1CB7FBF500271CD2 /* DarwinMonitorUITests */,
			);
		};
/* End PBXProject section */

/* Begin PBXResourcesBuildPhase section */
		1A5C85761CB7FBF500271CD2 /* Resources */ = {
			isa = PBXResourcesBuildPhase;
			buildActionMask = 2147483647;
			files = (
				1A5C858B1CB7FBF500271CD2 /* LaunchScreen.storyboard in Resources */,
				1A5C85881CB7FBF500271CD2 /* Assets.xcassets in Resources */,
				1A5C85861CB7FBF500271CD2 /* Main.storyboard in Resources */,
			);
			runOnlyForDeploymentPostprocessing = 0;
		};
		1A5C858F1CB7FBF500271CD2 /* Resources */ = {
			isa = PBXResourcesBuildPhase;
			buildActionMask = 2147483647;
			files = (
			);
			runOnlyForDeploymentPostprocessing = 0;
		};
		1A5C859A1CB7FBF500271CD2 /* Resources */ = {
			isa = PBXResourcesBuildPhase;
			buildActionMask = 2147483647;
			files = (
			);
			runOnlyForDeploymentPostprocessing = 0;
		};
/* End PBXResourcesBuildPhase section */

/* Begin PBXSourcesBuildPhase section */
		1A5C85741CB7FBF500271CD2 /* Sources */ = {
			isa = PBXSourcesBuildPhase;
			buildActionMask = 2147483647;
			files = (
				1A6116E61CBB823E005C0464 /* DMRunloopMonitor.m in Sources */,
				1A6116D91CB967F1005C0464 /* DMBatteryMonitor.m in Sources */,
				1A6116DF1CB967F1005C0464 /* DMNetworkMonitor.m in Sources */,
				1A6116E01CB967F1005C0464 /* DMRAMMonitor.m in Sources */,
				1A5C85831CB7FBF500271CD2 /* ViewController.m in Sources */,
				1A5C85801CB7FBF500271CD2 /* AppDelegate.m in Sources */,
				1A6116DB1CB967F1005C0464 /* DMFPSMonitor.m in Sources */,
				1A5C857D1CB7FBF500271CD2 /* main.m in Sources */,
				1A6116E31CBB47AD005C0464 /* DMDumper.m in Sources */,
				1A5C85B11CB7FFF400271CD2 /* DarwinMonitor.m in Sources */,
				1A6116DA1CB967F1005C0464 /* DMCPUMonitor.m in Sources */,
			);
			runOnlyForDeploymentPostprocessing = 0;
		};
		1A5C858D1CB7FBF500271CD2 /* Sources */ = {
			isa = PBXSourcesBuildPhase;
			buildActionMask = 2147483647;
			files = (
				1A5C85961CB7FBF500271CD2 /* DarwinMonitorTests.m in Sources */,
			);
			runOnlyForDeploymentPostprocessing = 0;
		};
		1A5C85981CB7FBF500271CD2 /* Sources */ = {
			isa = PBXSourcesBuildPhase;
			buildActionMask = 2147483647;
			files = (
				1A5C85A11CB7FBF500271CD2 /* DarwinMonitorUITests.m in Sources */,
			);
			runOnlyForDeploymentPostprocessing = 0;
		};
/* End PBXSourcesBuildPhase section */

/* Begin PBXTargetDependency section */
		1A5C85931CB7FBF500271CD2 /* PBXTargetDependency */ = {
			isa = PBXTargetDependency;
			target = 1A5C85771CB7FBF500271CD2 /* DarwinMonitor */;
			targetProxy = 1A5C85921CB7FBF500271CD2 /* PBXContainerItemProxy */;
		};
		1A5C859E1CB7FBF500271CD2 /* PBXTargetDependency */ = {
			isa = PBXTargetDependency;
			target = 1A5C85771CB7FBF500271CD2 /* DarwinMonitor */;
			targetProxy = 1A5C859D1CB7FBF500271CD2 /* PBXContainerItemProxy */;
		};
/* End PBXTargetDependency section */

/* Begin PBXVariantGroup section */
		1A5C85841CB7FBF500271CD2 /* Main.storyboard */ = {
			isa = PBXVariantGroup;
			children = (
				1A5C85851CB7FBF500271CD2 /* Base */,
			);
			name = Main.storyboard;
			sourceTree = "<group>";
		};
		1A5C85891CB7FBF500271CD2 /* LaunchScreen.storyboard */ = {
			isa = PBXVariantGroup;
			children = (
				1A5C858A1CB7FBF500271CD2 /* Base */,
			);
			name = LaunchScreen.storyboard;
			sourceTree = "<group>";
		};
/* End PBXVariantGroup section */

/* Begin XCBuildConfiguration section */
		1A5C85A31CB7FBF500271CD2 /* Debug */ = {
			isa = XCBuildConfiguration;
			buildSettings = {
				ALWAYS_SEARCH_USER_PATHS = NO;
				CLANG_CXX_LANGUAGE_STANDARD = "gnu++0x";
				CLANG_CXX_LIBRARY = "libc++";
				CLANG_ENABLE_MODULES = YES;
				CLANG_ENABLE_OBJC_ARC = YES;
				CLANG_WARN_BOOL_CONVERSION = YES;
				CLANG_WARN_CONSTANT_CONVERSION = YES;
				CLANG_WARN_DIRECT_OBJC_ISA_USAGE = YES_ERROR;
				CLANG_WARN_EMPTY_BODY = YES;
				CLANG_WARN_ENUM_CONVERSION = YES;
				CLANG_WARN_INT_CONVERSION = YES;
				CLANG_WARN_OBJC_ROOT_CLASS = YES_ERROR;
				CLANG_WARN_UNREACHABLE_CODE = YES;
				CLANG_WARN__DUPLICATE_METHOD_MATCH = YES;
				"CODE_SIGN_IDENTITY[sdk=iphoneos*]" = "iPhone Developer";
				COPY_PHASE_STRIP = NO;
				DEBUG_INFORMATION_FORMAT = dwarf;
				ENABLE_STRICT_OBJC_MSGSEND = YES;
				ENABLE_TESTABILITY = YES;
				GCC_C_LANGUAGE_STANDARD = gnu99;
				GCC_DYNAMIC_NO_PIC = NO;
				GCC_NO_COMMON_BLOCKS = YES;
				GCC_OPTIMIZATION_LEVEL = 0;
				GCC_PREPROCESSOR_DEFINITIONS = (
					"DEBUG=1",
					"$(inherited)",
				);
				GCC_WARN_64_TO_32_BIT_CONVERSION = YES;
				GCC_WARN_ABOUT_RETURN_TYPE = YES_ERROR;
				GCC_WARN_UNDECLARED_SELECTOR = YES;
				GCC_WARN_UNINITIALIZED_AUTOS = YES_AGGRESSIVE;
				GCC_WARN_UNUSED_FUNCTION = YES;
				GCC_WARN_UNUSED_VARIABLE = YES;
				IPHONEOS_DEPLOYMENT_TARGET = 9.1;
				MTL_ENABLE_DEBUG_INFO = YES;
				ONLY_ACTIVE_ARCH = YES;
				SDKROOT = iphoneos;
			};
			name = Debug;
		};
		1A5C85A41CB7FBF500271CD2 /* Release */ = {
			isa = XCBuildConfiguration;
			buildSettings = {
				ALWAYS_SEARCH_USER_PATHS = NO;
				CLANG_CXX_LANGUAGE_STANDARD = "gnu++0x";
				CLANG_CXX_LIBRARY = "libc++";
				CLANG_ENABLE_MODULES = YES;
				CLANG_ENABLE_OBJC_ARC = YES;
				CLANG_WARN_BOOL_CONVERSION = YES;
				CLANG_WARN_CONSTANT_CONVERSION = YES;
				CLANG_WARN_DIRECT_OBJC_ISA_USAGE = YES_ERROR;
				CLANG_WARN_EMPTY_BODY = YES;
				CLANG_WARN_ENUM_CONVERSION = YES;
				CLANG_WARN_INT_CONVERSION = YES;
				CLANG_WARN_OBJC_ROOT_CLASS = YES_ERROR;
				CLANG_WARN_UNREACHABLE_CODE = YES;
				CLANG_WARN__DUPLICATE_METHOD_MATCH = YES;
				"CODE_SIGN_IDENTITY[sdk=iphoneos*]" = "iPhone Developer";
				COPY_PHASE_STRIP = NO;
				DEBUG_INFORMATION_FORMAT = "dwarf-with-dsym";
				ENABLE_NS_ASSERTIONS = NO;
				ENABLE_STRICT_OBJC_MSGSEND = YES;
				GCC_C_LANGUAGE_STANDARD = gnu99;
				GCC_NO_COMMON_BLOCKS = YES;
				GCC_WARN_64_TO_32_BIT_CONVERSION = YES;
				GCC_WARN_ABOUT_RETURN_TYPE = YES_ERROR;
				GCC_WARN_UNDECLARED_SELECTOR = YES;
				GCC_WARN_UNINITIALIZED_AUTOS = YES_AGGRESSIVE;
				GCC_WARN_UNUSED_FUNCTION = YES;
				GCC_WARN_UNUSED_VARIABLE = YES;
				IPHONEOS_DEPLOYMENT_TARGET = 9.1;
				MTL_ENABLE_DEBUG_INFO = NO;
				SDKROOT = iphoneos;
				VALIDATE_PRODUCT = YES;
			};
			name = Release;
		};
		1A5C85A61CB7FBF500271CD2 /* Debug */ = {
			isa = XCBuildConfiguration;
			buildSettings = {
				ASSETCATALOG_COMPILER_APPICON_NAME = AppIcon;
				INFOPLIST_FILE = DarwinMonitor/Info.plist;
				LD_RUNPATH_SEARCH_PATHS = "$(inherited) @executable_path/Frameworks";
				PRODUCT_BUNDLE_IDENTIFIER = com.oenius.jou.DarwinMonitor;
				PRODUCT_NAME = "$(TARGET_NAME)";
			};
			name = Debug;
		};
		1A5C85A71CB7FBF500271CD2 /* Release */ = {
			isa = XCBuildConfiguration;
			buildSettings = {
				ASSETCATALOG_COMPILER_APPICON_NAME = AppIcon;
				INFOPLIST_FILE = DarwinMonitor/Info.plist;
				LD_RUNPATH_SEARCH_PATHS = "$(inherited) @executable_path/Frameworks";
				PRODUCT_BUNDLE_IDENTIFIER = com.oenius.jou.DarwinMonitor;
				PRODUCT_NAME = "$(TARGET_NAME)";
			};
			name = Release;
		};
		1A5C85A91CB7FBF500271CD2 /* Debug */ = {
			isa = XCBuildConfiguration;
			buildSettings = {
				BUNDLE_LOADER = "$(TEST_HOST)";
				INFOPLIST_FILE = DarwinMonitorTests/Info.plist;
				LD_RUNPATH_SEARCH_PATHS = "$(inherited) @executable_path/Frameworks @loader_path/Frameworks";
				PRODUCT_BUNDLE_IDENTIFIER = com.oenius.jou.DarwinMonitorTests;
				PRODUCT_NAME = "$(TARGET_NAME)";
				TEST_HOST = "$(BUILT_PRODUCTS_DIR)/DarwinMonitor.app/DarwinMonitor";
			};
			name = Debug;
		};
		1A5C85AA1CB7FBF500271CD2 /* Release */ = {
			isa = XCBuildConfiguration;
			buildSettings = {
				BUNDLE_LOADER = "$(TEST_HOST)";
				INFOPLIST_FILE = DarwinMonitorTests/Info.plist;
				LD_RUNPATH_SEARCH_PATHS = "$(inherited) @executable_path/Frameworks @loader_path/Frameworks";
				PRODUCT_BUNDLE_IDENTIFIER = com.oenius.jou.DarwinMonitorTests;
				PRODUCT_NAME = "$(TARGET_NAME)";
				TEST_HOST = "$(BUILT_PRODUCTS_DIR)/DarwinMonitor.app/DarwinMonitor";
			};
			name = Release;
		};
		1A5C85AC1CB7FBF500271CD2 /* Debug */ = {
			isa = XCBuildConfiguration;
			buildSettings = {
				INFOPLIST_FILE = DarwinMonitorUITests/Info.plist;
				LD_RUNPATH_SEARCH_PATHS = "$(inherited) @executable_path/Frameworks @loader_path/Frameworks";
				PRODUCT_BUNDLE_IDENTIFIER = com.oenius.jou.DarwinMonitorUITests;
				PRODUCT_NAME = "$(TARGET_NAME)";
				TEST_TARGET_NAME = DarwinMonitor;
				USES_XCTRUNNER = YES;
			};
			name = Debug;
		};
		1A5C85AD1CB7FBF500271CD2 /* Release */ = {
			isa = XCBuildConfiguration;
			buildSettings = {
				INFOPLIST_FILE = DarwinMonitorUITests/Info.plist;
				LD_RUNPATH_SEARCH_PATHS = "$(inherited) @executable_path/Frameworks @loader_path/Frameworks";
				PRODUCT_BUNDLE_IDENTIFIER = com.oenius.jou.DarwinMonitorUITests;
				PRODUCT_NAME = "$(TARGET_NAME)";
				TEST_TARGET_NAME = DarwinMonitor;
				USES_XCTRUNNER = YES;
			};
			name = Release;
		};
/* End XCBuildConfiguration section */

/* Begin XCConfigurationList section */
		1A5C85731CB7FBF500271CD2 /* Build configuration list for PBXProject "DarwinMonitor" */ = {
			isa = XCConfigurationList;
			buildConfigurations = (
				1A5C85A31CB7FBF500271CD2 /* Debug */,
				1A5C85A41CB7FBF500271CD2 /* Release */,
			);
			defaultConfigurationIsVisible = 0;
			defaultConfigurationName = Release;
		};
		1A5C85A51CB7FBF500271CD2 /* Build configuration list for PBXNativeTarget "DarwinMonitor" */ = {
			isa = XCConfigurationList;
			buildConfigurations = (
				1A5C85A61CB7FBF500271CD2 /* Debug */,
				1A5C85A71CB7FBF500271CD2 /* Release */,
			);
			defaultConfigurationIsVisible = 0;
			defaultConfigurationName = Release;
		};
		1A5C85A81CB7FBF500271CD2 /* Build configuration list for PBXNativeTarget "DarwinMonitorTests" */ = {
			isa = XCConfigurationList;
			buildConfigurations = (
				1A5C85A91CB7FBF500271CD2 /* Debug */,
				1A5C85AA1CB7FBF500271CD2 /* Release */,
			);
			defaultConfigurationIsVisible = 0;
			defaultConfigurationName = Release;
		};
		1A5C85AB1CB7FBF500271CD2 /* Build configuration list for PBXNativeTarget "DarwinMonitorUITests" */ = {
			isa = XCConfigurationList;
			buildConfigurations = (
				1A5C85AC1CB7FBF500271CD2 /* Debug */,
				1A5C85AD1CB7FBF500271CD2 /* Release */,
			);
			defaultConfigurationIsVisible = 0;
			defaultConfigurationName = Release;
		};
/* End XCConfigurationList section */
	};
	rootObject = 1A5C85701CB7FBF500271CD2 /* Project object */;
}
